
Microsoft Visual Studio Solution File, Format Version 12.00
# Visual Studio Version 16
VisualStudioVersion = 16.0.30621.155
MinimumVisualStudioVersion = 10.0.40219.1
Project("{2150E333-8FDC-42A3-9474-1A3956D46DE8}") = "Aplicacao MVC", "Aplicacao MVC", "{DAB8A888-4CBE-496B-AA54-24E77E05AFAB}"
EndProject
Project("{2150E333-8FDC-42A3-9474-1A3956D46DE8}") = "Aplicacao API", "Aplicacao API", "{CB7146EF-C61B-4C81-8D1B-7F36F65527E4}"
EndProject
Project("{9A19103F-16F7-4668-BE54-9A1E7A4F7556}") = "Projeto MVC", "Projeto MVC\Projeto MVC.csproj", "{0F9DD9A9-AA32-447C-95CB-60C2D9CBF018}"
EndProject
Project("{9A19103F-16F7-4668-BE54-9A1E7A4F7556}") = "Projeto API", "Projeto API\Projeto API.csproj", "{9A8D4EB7-1213-47A7-BC01-EE44D2084A36}"
EndProject
Project("{2150E333-8FDC-42A3-9474-1A3956D46DE8}") = "CamadaDados", "CamadaDados", "{2E6433D5-05A8-4A17-9D91-6D041E8513BA}"
EndProject
Project("{FAE04EC0-301F-11D3-BF4B-00C04F79EFBC}") = "BancoDB", "BancoDB\BancoDB.csproj", "{0602BD51-448B-488D-82B1-C5B310F61FFC}"
EndProject
Project("{2150E333-8FDC-42A3-9474-1A3956D46DE8}") = "Dominio", "Dominio", "{846C8443-21F1-44D2-85E6-11F1006B52E4}"
EndProject
Project("{FAE04EC0-301F-11D3-BF4B-00C04F79EFBC}") = "Dominio_GerenciadorLivros", "Dominio_GerenciadorLivros\Dominio_GerenciadorLivros.csproj", "{BD173F1E-D8ED-4163-8594-0B78C168B426}"
EndProject
Project("{2150E333-8FDC-42A3-9474-1A3956D46DE8}") = "Servicos", "Servicos", "{790FF0D3-230A-4DB7-9BE8-B16EDD8FB55C}"
EndProject
Project("{FAE04EC0-301F-11D3-BF4B-00C04F79EFBC}") = "ServicosAplicacao", "ServicosAplicacao\ServicosAplicacao.csproj", "{210669CD-574D-4B67-8500-74861B3F130A}"
EndProject
Global
	GlobalSection(SolutionConfigurationPlatforms) = preSolution
		Debug|Any CPU = Debug|Any CPU
		Release|Any CPU = Release|Any CPU
	EndGlobalSection
	GlobalSection(ProjectConfigurationPlatforms) = postSolution
		{0F9DD9A9-AA32-447C-95CB-60C2D9CBF018}.Debug|Any CPU.ActiveCfg = Debug|Any CPU
		{0F9DD9A9-AA32-447C-95CB-60C2D9CBF018}.Debug|Any CPU.Build.0 = Debug|Any CPU
		{0F9DD9A9-AA32-447C-95CB-60C2D9CBF018}.Release|Any CPU.ActiveCfg = Release|Any CPU
		{0F9DD9A9-AA32-447C-95CB-60C2D9CBF018}.Release|Any CPU.Build.0 = Release|Any CPU
		{9A8D4EB7-1213-47A7-BC01-EE44D2084A36}.Debug|Any CPU.ActiveCfg = Debug|Any CPU
		{9A8D4EB7-1213-47A7-BC01-EE44D2084A36}.Debug|Any CPU.Build.0 = Debug|Any CPU
		{9A8D4EB7-1213-47A7-BC01-EE44D2084A36}.Release|Any CPU.ActiveCfg = Release|Any CPU
		{9A8D4EB7-1213-47A7-BC01-EE44D2084A36}.Release|Any CPU.Build.0 = Release|Any CPU
		{0602BD51-448B-488D-82B1-C5B310F61FFC}.Debug|Any CPU.ActiveCfg = Debug|Any CPU
		{0602BD51-448B-488D-82B1-C5B310F61FFC}.Debug|Any CPU.Build.0 = Debug|Any CPU
		{0602BD51-448B-488D-82B1-C5B310F61FFC}.Release|Any CPU.ActiveCfg = Release|Any CPU
		{0602BD51-448B-488D-82B1-C5B310F61FFC}.Release|Any CPU.Build.0 = Release|Any CPU
		{BD173F1E-D8ED-4163-8594-0B78C168B426}.Debug|Any CPU.ActiveCfg = Debug|Any CPU
		{BD173F1E-D8ED-4163-8594-0B78C168B426}.Debug|Any CPU.Build.0 = Debug|Any CPU
		{BD173F1E-D8ED-4163-8594-0B78C168B426}.Release|Any CPU.ActiveCfg = Release|Any CPU
		{BD173F1E-D8ED-4163-8594-0B78C168B426}.Release|Any CPU.Build.0 = Release|Any CPU
		{210669CD-574D-4B67-8500-74861B3F130A}.Debug|Any CPU.ActiveCfg = Debug|Any CPU
		{210669CD-574D-4B67-8500-74861B3F130A}.Debug|Any CPU.Build.0 = Debug|Any CPU
		{210669CD-574D-4B67-8500-74861B3F130A}.Release|Any CPU.ActiveCfg = Release|Any CPU
		{210669CD-574D-4B67-8500-74861B3F130A}.Release|Any CPU.Build.0 = Release|Any CPU
	EndGlobalSection
	GlobalSection(SolutionProperties) = preSolution
		HideSolutionNode = FALSE
	EndGlobalSection
	GlobalSection(NestedProjects) = preSolution
		{0F9DD9A9-AA32-447C-95CB-60C2D9CBF018} = {DAB8A888-4CBE-496B-AA54-24E77E05AFAB}
		{9A8D4EB7-1213-47A7-BC01-EE44D2084A36} = {CB7146EF-C61B-4C81-8D1B-7F36F65527E4}
		{0602BD51-448B-488D-82B1-C5B310F61FFC} = {2E6433D5-05A8-4A17-9D91-6D041E8513BA}
		{BD173F1E-D8ED-4163-8594-0B78C168B426} = {846C8443-21F1-44D2-85E6-11F1006B52E4}
		{210669CD-574D-4B67-8500-74861B3F130A} = {790FF0D3-230A-4DB7-9BE8-B16EDD8FB55C}
	EndGlobalSection
	GlobalSection(ExtensibilityGlobals) = postSolution
		SolutionGuid = {A209450B-39FB-44BB-8C6C-4D97EDB3DA06}
	EndGlobalSection
EndGlobal
